
Microsoft Visual Studio Solution File, Format Version 12.00
# Visual Studio Version 16
VisualStudioVersion = 16.0.29806.167
MinimumVisualStudioVersion = 15.0.26124.0
Project("{9A19103F-16F7-4668-BE54-9A1E7A4F7556}") = "SeedCore.Web", "SeedCore.Web\SeedCore.Web.csproj", "{4D011A35-BE36-4924-94D9-44905931BA59}"
EndProject
Project("{2150E333-8FDC-42A3-9474-1A3956D46DE8}") = "SeedCore", "SeedCore", "{9D1AD1D5-8488-463E-876A-A969CC4316E1}"
EndProject
Project("{9A19103F-16F7-4668-BE54-9A1E7A4F7556}") = "SeedCore.Application.Core.Targets", "SeedCore\SeedCore.Application.Core.Targets\SeedCore.Application.Core.Targets.csproj", "{56F0E7E7-D380-4464-A01B-897E03DF0C41}"
EndProject
Project("{2150E333-8FDC-42A3-9474-1A3956D46DE8}") = "SeedCore.Modules", "SeedCore.Modules", "{F2CBECA9-C1D3-4380-BD67-D8B8B724FD05}"
EndProject
Project("{9A19103F-16F7-4668-BE54-9A1E7A4F7556}") = "SeedModules.Setup", "SeedCore.Modules\SeedModules.Setup\SeedModules.Setup.csproj", "{EDD0D05D-ECC8-47BF-8015-F7B6BB00EAA6}"
EndProject
Project("{9A19103F-16F7-4668-BE54-9A1E7A4F7556}") = "SeedCore.Setup.Core", "SeedCore\SeedCore.Setup.Core\SeedCore.Setup.Core.csproj", "{3F57D52F-7338-4AD5-8156-452FAB352A16}"
EndProject
Project("{9A19103F-16F7-4668-BE54-9A1E7A4F7556}") = "SeedModules.Recipes", "SeedCore.Modules\SeedModules.Recipes\SeedModules.Recipes.csproj", "{D7219F53-C177-4A4B-8156-DF65B7A317C5}"
EndProject
Project("{9A19103F-16F7-4668-BE54-9A1E7A4F7556}") = "SeedModules.Admin", "SeedCore.Modules\SeedModules.Admin\SeedModules.Admin.csproj", "{E606702E-1C19-4E36-A5DA-0813160F43AD}"
EndProject
Project("{9A19103F-16F7-4668-BE54-9A1E7A4F7556}") = "SeedModules.Features", "SeedCore.Modules\SeedModules.Features\SeedModules.Features.csproj", "{4A848AEA-AE68-4804-BB74-19C19A0316F9}"
EndProject
Project("{9A19103F-16F7-4668-BE54-9A1E7A4F7556}") = "SeedCore.Infrastructure", "SeedCore\SeedCore.Infrastructure\SeedCore.Infrastructure.csproj", "{A8AAA788-F838-414F-81B5-4219FB08506F}"
EndProject
Project("{9A19103F-16F7-4668-BE54-9A1E7A4F7556}") = "SeedCore.Data.Abstractions", "SeedCore\SeedCore.Data.Abstractions\SeedCore.Data.Abstractions.csproj", "{BFBBC7F5-6F16-4AB1-98CB-1F9C9ECC3064}"
EndProject
Project("{9A19103F-16F7-4668-BE54-9A1E7A4F7556}") = "SeedCore.Data", "SeedCore\SeedCore.Data\SeedCore.Data.csproj", "{8182C486-2C0E-41B9-85B2-39F881481D86}"
EndProject
Project("{9A19103F-16F7-4668-BE54-9A1E7A4F7556}") = "SeedCore.SpaService.Core", "SeedCore\SeedCore.SpaService.Core\SeedCore.SpaService.Core.csproj", "{9928ED45-3C9D-4357-A0FE-CD34B13031D2}"
EndProject
Project("{9A19103F-16F7-4668-BE54-9A1E7A4F7556}") = "SeedCore.SpaService.Abstractions", "SeedCore\SeedCore.SpaService.Abstractions\SeedCore.SpaService.Abstractions.csproj", "{D083B60A-0134-47B1-B41D-17C7119D3D2D}"
EndProject
Project("{2150E333-8FDC-42A3-9474-1A3956D46DE8}") = "SeedCore.Build", "SeedCore.Build", "{E759EF75-4D9D-4C55-9625-07CD573B2F8E}"
	ProjectSection(SolutionItems) = preProject
		SeedCore.Build\Dependencies.AspNetCore.props = SeedCore.Build\Dependencies.AspNetCore.props
		SeedCore.Build\Dependencies.props = SeedCore.Build\Dependencies.props
		SeedCore.Build\SeedCore.Application.Targets.targets = SeedCore.Build\SeedCore.Application.Targets.targets
		SeedCore.Build\SeedCore.Commons.props = SeedCore.Build\SeedCore.Commons.props
		SeedCore.Build\SeedCore.Commons.targets = SeedCore.Build\SeedCore.Commons.targets
		SeedCore.Build\SeedCore.Spa.targets = SeedCore.Build\SeedCore.Spa.targets
	EndProjectSection
EndProject
Project("{2150E333-8FDC-42A3-9474-1A3956D46DE8}") = "Solution Items", "Solution Items", "{1E5B533D-F9B0-4AD0-976D-F6E39B92D065}"
	ProjectSection(SolutionItems) = preProject
		.gitignore = .gitignore
		LICENSE = LICENSE
		README.md = README.md
	EndProjectSection
EndProject
Project("{9A19103F-16F7-4668-BE54-9A1E7A4F7556}") = "SeedCore", "SeedCore\SeedCore\SeedCore.csproj", "{43A1CDED-87B5-4AA6-95FA-C50DED7176C9}"
EndProject
Project("{FAE04EC0-301F-11D3-BF4B-00C04F79EFBC}") = "SeedCore.Module.Targets", "SeedCore\SeedCore.Module.Targets\SeedCore.Module.Targets.csproj", "{CB8412B7-6913-4DAD-A6E2-EC7FEE621A33}"
EndProject
Project("{FAE04EC0-301F-11D3-BF4B-00C04F79EFBC}") = "SeedCore.Abstractions", "SeedCore\SeedCore.Abstractions\SeedCore.Abstractions.csproj", "{54B32C44-FB34-43E5-949B-1257CE775574}"
EndProject
Project("{FAE04EC0-301F-11D3-BF4B-00C04F79EFBC}") = "SeedModules.Account", "SeedCore.Modules\SeedModules.Account\SeedModules.Account.csproj", "{301C5584-B436-4853-9176-B53858CAF913}"
EndProject
Project("{FAE04EC0-301F-11D3-BF4B-00C04F79EFBC}") = "SeedModules.Settings", "SeedCore.Modules\SeedModules.Settings\SeedModules.Settings.csproj", "{C9666EEC-ABE2-4C21-97F9-DB34C0C9EDAB}"
EndProject
Project("{FAE04EC0-301F-11D3-BF4B-00C04F79EFBC}") = "SeedModules.Tenants", "SeedCore.Modules\SeedModules.Tenants\SeedModules.Tenants.csproj", "{CFDD31D0-97A7-4EB4-95FE-7E0899979D83}"
EndProject
Project("{FAE04EC0-301F-11D3-BF4B-00C04F79EFBC}") = "SeedModules.Scripting", "SeedCore.Modules\SeedModules.Scripting\SeedModules.Scripting.csproj", "{5B590924-14FD-4014-AEFC-42EB642E35BB}"
EndProject
Global
	GlobalSection(SolutionConfigurationPlatforms) = preSolution
		Debug|Any CPU = Debug|Any CPU
		Debug|x64 = Debug|x64
		Debug|x86 = Debug|x86
		Release|Any CPU = Release|Any CPU
		Release|x64 = Release|x64
		Release|x86 = Release|x86
	EndGlobalSection
	GlobalSection(ProjectConfigurationPlatforms) = postSolution
		{4D011A35-BE36-4924-94D9-44905931BA59}.Debug|Any CPU.ActiveCfg = Debug|Any CPU
		{4D011A35-BE36-4924-94D9-44905931BA59}.Debug|Any CPU.Build.0 = Debug|Any CPU
		{4D011A35-BE36-4924-94D9-44905931BA59}.Debug|x64.ActiveCfg = Debug|Any CPU
		{4D011A35-BE36-4924-94D9-44905931BA59}.Debug|x64.Build.0 = Debug|Any CPU
		{4D011A35-BE36-4924-94D9-44905931BA59}.Debug|x86.ActiveCfg = Debug|Any CPU
		{4D011A35-BE36-4924-94D9-44905931BA59}.Debug|x86.Build.0 = Debug|Any CPU
		{4D011A35-BE36-4924-94D9-44905931BA59}.Release|Any CPU.ActiveCfg = Release|Any CPU
		{4D011A35-BE36-4924-94D9-44905931BA59}.Release|Any CPU.Build.0 = Release|Any CPU
		{4D011A35-BE36-4924-94D9-44905931BA59}.Release|x64.ActiveCfg = Release|Any CPU
		{4D011A35-BE36-4924-94D9-44905931BA59}.Release|x64.Build.0 = Release|Any CPU
		{4D011A35-BE36-4924-94D9-44905931BA59}.Release|x86.ActiveCfg = Release|Any CPU
		{4D011A35-BE36-4924-94D9-44905931BA59}.Release|x86.Build.0 = Release|Any CPU
		{56F0E7E7-D380-4464-A01B-897E03DF0C41}.Debug|Any CPU.ActiveCfg = Debug|Any CPU
		{56F0E7E7-D380-4464-A01B-897E03DF0C41}.Debug|Any CPU.Build.0 = Debug|Any CPU
		{56F0E7E7-D380-4464-A01B-897E03DF0C41}.Debug|x64.ActiveCfg = Debug|Any CPU
		{56F0E7E7-D380-4464-A01B-897E03DF0C41}.Debug|x64.Build.0 = Debug|Any CPU
		{56F0E7E7-D380-4464-A01B-897E03DF0C41}.Debug|x86.ActiveCfg = Debug|Any CPU
		{56F0E7E7-D380-4464-A01B-897E03DF0C41}.Debug|x86.Build.0 = Debug|Any CPU
		{56F0E7E7-D380-4464-A01B-897E03DF0C41}.Release|Any CPU.ActiveCfg = Release|Any CPU
		{56F0E7E7-D380-4464-A01B-897E03DF0C41}.Release|Any CPU.Build.0 = Release|Any CPU
		{56F0E7E7-D380-4464-A01B-897E03DF0C41}.Release|x64.ActiveCfg = Release|Any CPU
		{56F0E7E7-D380-4464-A01B-897E03DF0C41}.Release|x64.Build.0 = Release|Any CPU
		{56F0E7E7-D380-4464-A01B-897E03DF0C41}.Release|x86.ActiveCfg = Release|Any CPU
		{56F0E7E7-D380-4464-A01B-897E03DF0C41}.Release|x86.Build.0 = Release|Any CPU
		{EDD0D05D-ECC8-47BF-8015-F7B6BB00EAA6}.Debug|Any CPU.ActiveCfg = Debug|Any CPU
		{EDD0D05D-ECC8-47BF-8015-F7B6BB00EAA6}.Debug|Any CPU.Build.0 = Debug|Any CPU
		{EDD0D05D-ECC8-47BF-8015-F7B6BB00EAA6}.Debug|x64.ActiveCfg = Debug|Any CPU
		{EDD0D05D-ECC8-47BF-8015-F7B6BB00EAA6}.Debug|x64.Build.0 = Debug|Any CPU
		{EDD0D05D-ECC8-47BF-8015-F7B6BB00EAA6}.Debug|x86.ActiveCfg = Debug|Any CPU
		{EDD0D05D-ECC8-47BF-8015-F7B6BB00EAA6}.Debug|x86.Build.0 = Debug|Any CPU
		{EDD0D05D-ECC8-47BF-8015-F7B6BB00EAA6}.Release|Any CPU.ActiveCfg = Release|Any CPU
		{EDD0D05D-ECC8-47BF-8015-F7B6BB00EAA6}.Release|Any CPU.Build.0 = Release|Any CPU
		{EDD0D05D-ECC8-47BF-8015-F7B6BB00EAA6}.Release|x64.ActiveCfg = Release|Any CPU
		{EDD0D05D-ECC8-47BF-8015-F7B6BB00EAA6}.Release|x64.Build.0 = Release|Any CPU
		{EDD0D05D-ECC8-47BF-8015-F7B6BB00EAA6}.Release|x86.ActiveCfg = Release|Any CPU
		{EDD0D05D-ECC8-47BF-8015-F7B6BB00EAA6}.Release|x86.Build.0 = Release|Any CPU
		{3F57D52F-7338-4AD5-8156-452FAB352A16}.Debug|Any CPU.ActiveCfg = Debug|Any CPU
		{3F57D52F-7338-4AD5-8156-452FAB352A16}.Debug|Any CPU.Build.0 = Debug|Any CPU
		{3F57D52F-7338-4AD5-8156-452FAB352A16}.Debug|x64.ActiveCfg = Debug|Any CPU
		{3F57D52F-7338-4AD5-8156-452FAB352A16}.Debug|x64.Build.0 = Debug|Any CPU
		{3F57D52F-7338-4AD5-8156-452FAB352A16}.Debug|x86.ActiveCfg = Debug|Any CPU
		{3F57D52F-7338-4AD5-8156-452FAB352A16}.Debug|x86.Build.0 = Debug|Any CPU
		{3F57D52F-7338-4AD5-8156-452FAB352A16}.Release|Any CPU.ActiveCfg = Release|Any CPU
		{3F57D52F-7338-4AD5-8156-452FAB352A16}.Release|Any CPU.Build.0 = Release|Any CPU
		{3F57D52F-7338-4AD5-8156-452FAB352A16}.Release|x64.ActiveCfg = Release|Any CPU
		{3F57D52F-7338-4AD5-8156-452FAB352A16}.Release|x64.Build.0 = Release|Any CPU
		{3F57D52F-7338-4AD5-8156-452FAB352A16}.Release|x86.ActiveCfg = Release|Any CPU
		{3F57D52F-7338-4AD5-8156-452FAB352A16}.Release|x86.Build.0 = Release|Any CPU
		{D7219F53-C177-4A4B-8156-DF65B7A317C5}.Debug|Any CPU.ActiveCfg = Debug|Any CPU
		{D7219F53-C177-4A4B-8156-DF65B7A317C5}.Debug|Any CPU.Build.0 = Debug|Any CPU
		{D7219F53-C177-4A4B-8156-DF65B7A317C5}.Debug|x64.ActiveCfg = Debug|Any CPU
		{D7219F53-C177-4A4B-8156-DF65B7A317C5}.Debug|x64.Build.0 = Debug|Any CPU
		{D7219F53-C177-4A4B-8156-DF65B7A317C5}.Debug|x86.ActiveCfg = Debug|Any CPU
		{D7219F53-C177-4A4B-8156-DF65B7A317C5}.Debug|x86.Build.0 = Debug|Any CPU
		{D7219F53-C177-4A4B-8156-DF65B7A317C5}.Release|Any CPU.ActiveCfg = Release|Any CPU
		{D7219F53-C177-4A4B-8156-DF65B7A317C5}.Release|Any CPU.Build.0 = Release|Any CPU
		{D7219F53-C177-4A4B-8156-DF65B7A317C5}.Release|x64.ActiveCfg = Release|Any CPU
		{D7219F53-C177-4A4B-8156-DF65B7A317C5}.Release|x64.Build.0 = Release|Any CPU
		{D7219F53-C177-4A4B-8156-DF65B7A317C5}.Release|x86.ActiveCfg = Release|Any CPU
		{D7219F53-C177-4A4B-8156-DF65B7A317C5}.Release|x86.Build.0 = Release|Any CPU
		{E606702E-1C19-4E36-A5DA-0813160F43AD}.Debug|Any CPU.ActiveCfg = Debug|Any CPU
		{E606702E-1C19-4E36-A5DA-0813160F43AD}.Debug|Any CPU.Build.0 = Debug|Any CPU
		{E606702E-1C19-4E36-A5DA-0813160F43AD}.Debug|x64.ActiveCfg = Debug|Any CPU
		{E606702E-1C19-4E36-A5DA-0813160F43AD}.Debug|x64.Build.0 = Debug|Any CPU
		{E606702E-1C19-4E36-A5DA-0813160F43AD}.Debug|x86.ActiveCfg = Debug|Any CPU
		{E606702E-1C19-4E36-A5DA-0813160F43AD}.Debug|x86.Build.0 = Debug|Any CPU
		{E606702E-1C19-4E36-A5DA-0813160F43AD}.Release|Any CPU.ActiveCfg = Release|Any CPU
		{E606702E-1C19-4E36-A5DA-0813160F43AD}.Release|Any CPU.Build.0 = Release|Any CPU
		{E606702E-1C19-4E36-A5DA-0813160F43AD}.Release|x64.ActiveCfg = Release|Any CPU
		{E606702E-1C19-4E36-A5DA-0813160F43AD}.Release|x64.Build.0 = Release|Any CPU
		{E606702E-1C19-4E36-A5DA-0813160F43AD}.Release|x86.ActiveCfg = Release|Any CPU
		{E606702E-1C19-4E36-A5DA-0813160F43AD}.Release|x86.Build.0 = Release|Any CPU
		{4A848AEA-AE68-4804-BB74-19C19A0316F9}.Debug|Any CPU.ActiveCfg = Debug|Any CPU
		{4A848AEA-AE68-4804-BB74-19C19A0316F9}.Debug|Any CPU.Build.0 = Debug|Any CPU
		{4A848AEA-AE68-4804-BB74-19C19A0316F9}.Debug|x64.ActiveCfg = Debug|Any CPU
		{4A848AEA-AE68-4804-BB74-19C19A0316F9}.Debug|x64.Build.0 = Debug|Any CPU
		{4A848AEA-AE68-4804-BB74-19C19A0316F9}.Debug|x86.ActiveCfg = Debug|Any CPU
		{4A848AEA-AE68-4804-BB74-19C19A0316F9}.Debug|x86.Build.0 = Debug|Any CPU
		{4A848AEA-AE68-4804-BB74-19C19A0316F9}.Release|Any CPU.ActiveCfg = Release|Any CPU
		{4A848AEA-AE68-4804-BB74-19C19A0316F9}.Release|Any CPU.Build.0 = Release|Any CPU
		{4A848AEA-AE68-4804-BB74-19C19A0316F9}.Release|x64.ActiveCfg = Release|Any CPU
		{4A848AEA-AE68-4804-BB74-19C19A0316F9}.Release|x64.Build.0 = Release|Any CPU
		{4A848AEA-AE68-4804-BB74-19C19A0316F9}.Release|x86.ActiveCfg = Release|Any CPU
		{4A848AEA-AE68-4804-BB74-19C19A0316F9}.Release|x86.Build.0 = Release|Any CPU
		{A8AAA788-F838-414F-81B5-4219FB08506F}.Debug|Any CPU.ActiveCfg = Debug|Any CPU
		{A8AAA788-F838-414F-81B5-4219FB08506F}.Debug|Any CPU.Build.0 = Debug|Any CPU
		{A8AAA788-F838-414F-81B5-4219FB08506F}.Debug|x64.ActiveCfg = Debug|Any CPU
		{A8AAA788-F838-414F-81B5-4219FB08506F}.Debug|x64.Build.0 = Debug|Any CPU
		{A8AAA788-F838-414F-81B5-4219FB08506F}.Debug|x86.ActiveCfg = Debug|Any CPU
		{A8AAA788-F838-414F-81B5-4219FB08506F}.Debug|x86.Build.0 = Debug|Any CPU
		{A8AAA788-F838-414F-81B5-4219FB08506F}.Release|Any CPU.ActiveCfg = Release|Any CPU
		{A8AAA788-F838-414F-81B5-4219FB08506F}.Release|Any CPU.Build.0 = Release|Any CPU
		{A8AAA788-F838-414F-81B5-4219FB08506F}.Release|x64.ActiveCfg = Release|Any CPU
		{A8AAA788-F838-414F-81B5-4219FB08506F}.Release|x64.Build.0 = Release|Any CPU
		{A8AAA788-F838-414F-81B5-4219FB08506F}.Release|x86.ActiveCfg = Release|Any CPU
		{A8AAA788-F838-414F-81B5-4219FB08506F}.Release|x86.Build.0 = Release|Any CPU
		{BFBBC7F5-6F16-4AB1-98CB-1F9C9ECC3064}.Debug|Any CPU.ActiveCfg = Debug|Any CPU
		{BFBBC7F5-6F16-4AB1-98CB-1F9C9ECC3064}.Debug|Any CPU.Build.0 = Debug|Any CPU
		{BFBBC7F5-6F16-4AB1-98CB-1F9C9ECC3064}.Debug|x64.ActiveCfg = Debug|Any CPU
		{BFBBC7F5-6F16-4AB1-98CB-1F9C9ECC3064}.Debug|x64.Build.0 = Debug|Any CPU
		{BFBBC7F5-6F16-4AB1-98CB-1F9C9ECC3064}.Debug|x86.ActiveCfg = Debug|Any CPU
		{BFBBC7F5-6F16-4AB1-98CB-1F9C9ECC3064}.Debug|x86.Build.0 = Debug|Any CPU
		{BFBBC7F5-6F16-4AB1-98CB-1F9C9ECC3064}.Release|Any CPU.ActiveCfg = Release|Any CPU
		{BFBBC7F5-6F16-4AB1-98CB-1F9C9ECC3064}.Release|Any CPU.Build.0 = Release|Any CPU
		{BFBBC7F5-6F16-4AB1-98CB-1F9C9ECC3064}.Release|x64.ActiveCfg = Release|Any CPU
		{BFBBC7F5-6F16-4AB1-98CB-1F9C9ECC3064}.Release|x64.Build.0 = Release|Any CPU
		{BFBBC7F5-6F16-4AB1-98CB-1F9C9ECC3064}.Release|x86.ActiveCfg = Release|Any CPU
		{BFBBC7F5-6F16-4AB1-98CB-1F9C9ECC3064}.Release|x86.Build.0 = Release|Any CPU
		{8182C486-2C0E-41B9-85B2-39F881481D86}.Debug|Any CPU.ActiveCfg = Debug|Any CPU
		{8182C486-2C0E-41B9-85B2-39F881481D86}.Debug|Any CPU.Build.0 = Debug|Any CPU
		{8182C486-2C0E-41B9-85B2-39F881481D86}.Debug|x64.ActiveCfg = Debug|Any CPU
		{8182C486-2C0E-41B9-85B2-39F881481D86}.Debug|x64.Build.0 = Debug|Any CPU
		{8182C486-2C0E-41B9-85B2-39F881481D86}.Debug|x86.ActiveCfg = Debug|Any CPU
		{8182C486-2C0E-41B9-85B2-39F881481D86}.Debug|x86.Build.0 = Debug|Any CPU
		{8182C486-2C0E-41B9-85B2-39F881481D86}.Release|Any CPU.ActiveCfg = Release|Any CPU
		{8182C486-2C0E-41B9-85B2-39F881481D86}.Release|Any CPU.Build.0 = Release|Any CPU
		{8182C486-2C0E-41B9-85B2-39F881481D86}.Release|x64.ActiveCfg = Release|Any CPU
		{8182C486-2C0E-41B9-85B2-39F881481D86}.Release|x64.Build.0 = Release|Any CPU
		{8182C486-2C0E-41B9-85B2-39F881481D86}.Release|x86.ActiveCfg = Release|Any CPU
		{8182C486-2C0E-41B9-85B2-39F881481D86}.Release|x86.Build.0 = Release|Any CPU
		{9928ED45-3C9D-4357-A0FE-CD34B13031D2}.Debug|Any CPU.ActiveCfg = Debug|Any CPU
		{9928ED45-3C9D-4357-A0FE-CD34B13031D2}.Debug|Any CPU.Build.0 = Debug|Any CPU
		{9928ED45-3C9D-4357-A0FE-CD34B13031D2}.Debug|x64.ActiveCfg = Debug|Any CPU
		{9928ED45-3C9D-4357-A0FE-CD34B13031D2}.Debug|x64.Build.0 = Debug|Any CPU
		{9928ED45-3C9D-4357-A0FE-CD34B13031D2}.Debug|x86.ActiveCfg = Debug|Any CPU
		{9928ED45-3C9D-4357-A0FE-CD34B13031D2}.Debug|x86.Build.0 = Debug|Any CPU
		{9928ED45-3C9D-4357-A0FE-CD34B13031D2}.Release|Any CPU.ActiveCfg = Release|Any CPU
		{9928ED45-3C9D-4357-A0FE-CD34B13031D2}.Release|Any CPU.Build.0 = Release|Any CPU
		{9928ED45-3C9D-4357-A0FE-CD34B13031D2}.Release|x64.ActiveCfg = Release|Any CPU
		{9928ED45-3C9D-4357-A0FE-CD34B13031D2}.Release|x64.Build.0 = Release|Any CPU
		{9928ED45-3C9D-4357-A0FE-CD34B13031D2}.Release|x86.ActiveCfg = Release|Any CPU
		{9928ED45-3C9D-4357-A0FE-CD34B13031D2}.Release|x86.Build.0 = Release|Any CPU
		{D083B60A-0134-47B1-B41D-17C7119D3D2D}.Debug|Any CPU.ActiveCfg = Debug|Any CPU
		{D083B60A-0134-47B1-B41D-17C7119D3D2D}.Debug|Any CPU.Build.0 = Debug|Any CPU
		{D083B60A-0134-47B1-B41D-17C7119D3D2D}.Debug|x64.ActiveCfg = Debug|Any CPU
		{D083B60A-0134-47B1-B41D-17C7119D3D2D}.Debug|x64.Build.0 = Debug|Any CPU
		{D083B60A-0134-47B1-B41D-17C7119D3D2D}.Debug|x86.ActiveCfg = Debug|Any CPU
		{D083B60A-0134-47B1-B41D-17C7119D3D2D}.Debug|x86.Build.0 = Debug|Any CPU
		{D083B60A-0134-47B1-B41D-17C7119D3D2D}.Release|Any CPU.ActiveCfg = Release|Any CPU
		{D083B60A-0134-47B1-B41D-17C7119D3D2D}.Release|Any CPU.Build.0 = Release|Any CPU
		{D083B60A-0134-47B1-B41D-17C7119D3D2D}.Release|x64.ActiveCfg = Release|Any CPU
		{D083B60A-0134-47B1-B41D-17C7119D3D2D}.Release|x64.Build.0 = Release|Any CPU
		{D083B60A-0134-47B1-B41D-17C7119D3D2D}.Release|x86.ActiveCfg = Release|Any CPU
		{D083B60A-0134-47B1-B41D-17C7119D3D2D}.Release|x86.Build.0 = Release|Any CPU
		{43A1CDED-87B5-4AA6-95FA-C50DED7176C9}.Debug|Any CPU.ActiveCfg = Debug|Any CPU
		{43A1CDED-87B5-4AA6-95FA-C50DED7176C9}.Debug|Any CPU.Build.0 = Debug|Any CPU
		{43A1CDED-87B5-4AA6-95FA-C50DED7176C9}.Debug|x64.ActiveCfg = Debug|Any CPU
		{43A1CDED-87B5-4AA6-95FA-C50DED7176C9}.Debug|x64.Build.0 = Debug|Any CPU
		{43A1CDED-87B5-4AA6-95FA-C50DED7176C9}.Debug|x86.ActiveCfg = Debug|Any CPU
		{43A1CDED-87B5-4AA6-95FA-C50DED7176C9}.Debug|x86.Build.0 = Debug|Any CPU
		{43A1CDED-87B5-4AA6-95FA-C50DED7176C9}.Release|Any CPU.ActiveCfg = Release|Any CPU
		{43A1CDED-87B5-4AA6-95FA-C50DED7176C9}.Release|Any CPU.Build.0 = Release|Any CPU
		{43A1CDED-87B5-4AA6-95FA-C50DED7176C9}.Release|x64.ActiveCfg = Release|Any CPU
		{43A1CDED-87B5-4AA6-95FA-C50DED7176C9}.Release|x64.Build.0 = Release|Any CPU
		{43A1CDED-87B5-4AA6-95FA-C50DED7176C9}.Release|x86.ActiveCfg = Release|Any CPU
		{43A1CDED-87B5-4AA6-95FA-C50DED7176C9}.Release|x86.Build.0 = Release|Any CPU
		{CB8412B7-6913-4DAD-A6E2-EC7FEE621A33}.Debug|Any CPU.ActiveCfg = Debug|Any CPU
		{CB8412B7-6913-4DAD-A6E2-EC7FEE621A33}.Debug|Any CPU.Build.0 = Debug|Any CPU
		{CB8412B7-6913-4DAD-A6E2-EC7FEE621A33}.Debug|x64.ActiveCfg = Debug|Any CPU
		{CB8412B7-6913-4DAD-A6E2-EC7FEE621A33}.Debug|x64.Build.0 = Debug|Any CPU
		{CB8412B7-6913-4DAD-A6E2-EC7FEE621A33}.Debug|x86.ActiveCfg = Debug|Any CPU
		{CB8412B7-6913-4DAD-A6E2-EC7FEE621A33}.Debug|x86.Build.0 = Debug|Any CPU
		{CB8412B7-6913-4DAD-A6E2-EC7FEE621A33}.Release|Any CPU.ActiveCfg = Release|Any CPU
		{CB8412B7-6913-4DAD-A6E2-EC7FEE621A33}.Release|Any CPU.Build.0 = Release|Any CPU
		{CB8412B7-6913-4DAD-A6E2-EC7FEE621A33}.Release|x64.ActiveCfg = Release|Any CPU
		{CB8412B7-6913-4DAD-A6E2-EC7FEE621A33}.Release|x64.Build.0 = Release|Any CPU
		{CB8412B7-6913-4DAD-A6E2-EC7FEE621A33}.Release|x86.ActiveCfg = Release|Any CPU
		{CB8412B7-6913-4DAD-A6E2-EC7FEE621A33}.Release|x86.Build.0 = Release|Any CPU
		{54B32C44-FB34-43E5-949B-1257CE775574}.Debug|Any CPU.ActiveCfg = Debug|Any CPU
		{54B32C44-FB34-43E5-949B-1257CE775574}.Debug|Any CPU.Build.0 = Debug|Any CPU
		{54B32C44-FB34-43E5-949B-1257CE775574}.Debug|x64.ActiveCfg = Debug|Any CPU
		{54B32C44-FB34-43E5-949B-1257CE775574}.Debug|x64.Build.0 = Debug|Any CPU
		{54B32C44-FB34-43E5-949B-1257CE775574}.Debug|x86.ActiveCfg = Debug|Any CPU
		{54B32C44-FB34-43E5-949B-1257CE775574}.Debug|x86.Build.0 = Debug|Any CPU
		{54B32C44-FB34-43E5-949B-1257CE775574}.Release|Any CPU.ActiveCfg = Release|Any CPU
		{54B32C44-FB34-43E5-949B-1257CE775574}.Release|Any CPU.Build.0 = Release|Any CPU
		{54B32C44-FB34-43E5-949B-1257CE775574}.Release|x64.ActiveCfg = Release|Any CPU
		{54B32C44-FB34-43E5-949B-1257CE775574}.Release|x64.Build.0 = Release|Any CPU
		{54B32C44-FB34-43E5-949B-1257CE775574}.Release|x86.ActiveCfg = Release|Any CPU
		{54B32C44-FB34-43E5-949B-1257CE775574}.Release|x86.Build.0 = Release|Any CPU
		{301C5584-B436-4853-9176-B53858CAF913}.Debug|Any CPU.ActiveCfg = Debug|Any CPU
		{301C5584-B436-4853-9176-B53858CAF913}.Debug|Any CPU.Build.0 = Debug|Any CPU
		{301C5584-B436-4853-9176-B53858CAF913}.Debug|x64.ActiveCfg = Debug|Any CPU
		{301C5584-B436-4853-9176-B53858CAF913}.Debug|x64.Build.0 = Debug|Any CPU
		{301C5584-B436-4853-9176-B53858CAF913}.Debug|x86.ActiveCfg = Debug|Any CPU
		{301C5584-B436-4853-9176-B53858CAF913}.Debug|x86.Build.0 = Debug|Any CPU
		{301C5584-B436-4853-9176-B53858CAF913}.Release|Any CPU.ActiveCfg = Release|Any CPU
		{301C5584-B436-4853-9176-B53858CAF913}.Release|Any CPU.Build.0 = Release|Any CPU
		{301C5584-B436-4853-9176-B53858CAF913}.Release|x64.ActiveCfg = Release|Any CPU
		{301C5584-B436-4853-9176-B53858CAF913}.Release|x64.Build.0 = Release|Any CPU
		{301C5584-B436-4853-9176-B53858CAF913}.Release|x86.ActiveCfg = Release|Any CPU
		{301C5584-B436-4853-9176-B53858CAF913}.Release|x86.Build.0 = Release|Any CPU
		{C9666EEC-ABE2-4C21-97F9-DB34C0C9EDAB}.Debug|Any CPU.ActiveCfg = Debug|Any CPU
		{C9666EEC-ABE2-4C21-97F9-DB34C0C9EDAB}.Debug|Any CPU.Build.0 = Debug|Any CPU
		{C9666EEC-ABE2-4C21-97F9-DB34C0C9EDAB}.Debug|x64.ActiveCfg = Debug|Any CPU
		{C9666EEC-ABE2-4C21-97F9-DB34C0C9EDAB}.Debug|x64.Build.0 = Debug|Any CPU
		{C9666EEC-ABE2-4C21-97F9-DB34C0C9EDAB}.Debug|x86.ActiveCfg = Debug|Any CPU
		{C9666EEC-ABE2-4C21-97F9-DB34C0C9EDAB}.Debug|x86.Build.0 = Debug|Any CPU
		{C9666EEC-ABE2-4C21-97F9-DB34C0C9EDAB}.Release|Any CPU.ActiveCfg = Release|Any CPU
		{C9666EEC-ABE2-4C21-97F9-DB34C0C9EDAB}.Release|Any CPU.Build.0 = Release|Any CPU
		{C9666EEC-ABE2-4C21-97F9-DB34C0C9EDAB}.Release|x64.ActiveCfg = Release|Any CPU
		{C9666EEC-ABE2-4C21-97F9-DB34C0C9EDAB}.Release|x64.Build.0 = Release|Any CPU
		{C9666EEC-ABE2-4C21-97F9-DB34C0C9EDAB}.Release|x86.ActiveCfg = Release|Any CPU
		{C9666EEC-ABE2-4C21-97F9-DB34C0C9EDAB}.Release|x86.Build.0 = Release|Any CPU
		{CFDD31D0-97A7-4EB4-95FE-7E0899979D83}.Debug|Any CPU.ActiveCfg = Debug|Any CPU
		{CFDD31D0-97A7-4EB4-95FE-7E0899979D83}.Debug|Any CPU.Build.0 = Debug|Any CPU
		{CFDD31D0-97A7-4EB4-95FE-7E0899979D83}.Debug|x64.ActiveCfg = Debug|Any CPU
		{CFDD31D0-97A7-4EB4-95FE-7E0899979D83}.Debug|x64.Build.0 = Debug|Any CPU
		{CFDD31D0-97A7-4EB4-95FE-7E0899979D83}.Debug|x86.ActiveCfg = Debug|Any CPU
		{CFDD31D0-97A7-4EB4-95FE-7E0899979D83}.Debug|x86.Build.0 = Debug|Any CPU
		{CFDD31D0-97A7-4EB4-95FE-7E0899979D83}.Release|Any CPU.ActiveCfg = Release|Any CPU
		{CFDD31D0-97A7-4EB4-95FE-7E0899979D83}.Release|Any CPU.Build.0 = Release|Any CPU
		{CFDD31D0-97A7-4EB4-95FE-7E0899979D83}.Release|x64.ActiveCfg = Release|Any CPU
		{CFDD31D0-97A7-4EB4-95FE-7E0899979D83}.Release|x64.Build.0 = Release|Any CPU
		{CFDD31D0-97A7-4EB4-95FE-7E0899979D83}.Release|x86.ActiveCfg = Release|Any CPU
		{CFDD31D0-97A7-4EB4-95FE-7E0899979D83}.Release|x86.Build.0 = Release|Any CPU
		{5B590924-14FD-4014-AEFC-42EB642E35BB}.Debug|Any CPU.ActiveCfg = Debug|Any CPU
		{5B590924-14FD-4014-AEFC-42EB642E35BB}.Debug|Any CPU.Build.0 = Debug|Any CPU
		{5B590924-14FD-4014-AEFC-42EB642E35BB}.Debug|x64.ActiveCfg = Debug|Any CPU
		{5B590924-14FD-4014-AEFC-42EB642E35BB}.Debug|x64.Build.0 = Debug|Any CPU
		{5B590924-14FD-4014-AEFC-42EB642E35BB}.Debug|x86.ActiveCfg = Debug|Any CPU
		{5B590924-14FD-4014-AEFC-42EB642E35BB}.Debug|x86.Build.0 = Debug|Any CPU
		{5B590924-14FD-4014-AEFC-42EB642E35BB}.Release|Any CPU.ActiveCfg = Release|Any CPU
		{5B590924-14FD-4014-AEFC-42EB642E35BB}.Release|Any CPU.Build.0 = Release|Any CPU
		{5B590924-14FD-4014-AEFC-42EB642E35BB}.Release|x64.ActiveCfg = Release|Any CPU
		{5B590924-14FD-4014-AEFC-42EB642E35BB}.Release|x64.Build.0 = Release|Any CPU
		{5B590924-14FD-4014-AEFC-42EB642E35BB}.Release|x86.ActiveCfg = Release|Any CPU
		{5B590924-14FD-4014-AEFC-42EB642E35BB}.Release|x86.Build.0 = Release|Any CPU
	EndGlobalSection
	GlobalSection(SolutionProperties) = preSolution
		HideSolutionNode = FALSE
	EndGlobalSection
	GlobalSection(NestedProjects) = preSolution
		{56F0E7E7-D380-4464-A01B-897E03DF0C41} = {9D1AD1D5-8488-463E-876A-A969CC4316E1}
		{EDD0D05D-ECC8-47BF-8015-F7B6BB00EAA6} = {F2CBECA9-C1D3-4380-BD67-D8B8B724FD05}
		{3F57D52F-7338-4AD5-8156-452FAB352A16} = {9D1AD1D5-8488-463E-876A-A969CC4316E1}
		{D7219F53-C177-4A4B-8156-DF65B7A317C5} = {F2CBECA9-C1D3-4380-BD67-D8B8B724FD05}
		{E606702E-1C19-4E36-A5DA-0813160F43AD} = {F2CBECA9-C1D3-4380-BD67-D8B8B724FD05}
		{4A848AEA-AE68-4804-BB74-19C19A0316F9} = {F2CBECA9-C1D3-4380-BD67-D8B8B724FD05}
		{A8AAA788-F838-414F-81B5-4219FB08506F} = {9D1AD1D5-8488-463E-876A-A969CC4316E1}
		{BFBBC7F5-6F16-4AB1-98CB-1F9C9ECC3064} = {9D1AD1D5-8488-463E-876A-A969CC4316E1}
		{8182C486-2C0E-41B9-85B2-39F881481D86} = {9D1AD1D5-8488-463E-876A-A969CC4316E1}
		{9928ED45-3C9D-4357-A0FE-CD34B13031D2} = {9D1AD1D5-8488-463E-876A-A969CC4316E1}
		{D083B60A-0134-47B1-B41D-17C7119D3D2D} = {9D1AD1D5-8488-463E-876A-A969CC4316E1}
		{43A1CDED-87B5-4AA6-95FA-C50DED7176C9} = {9D1AD1D5-8488-463E-876A-A969CC4316E1}
		{CB8412B7-6913-4DAD-A6E2-EC7FEE621A33} = {9D1AD1D5-8488-463E-876A-A969CC4316E1}
		{54B32C44-FB34-43E5-949B-1257CE775574} = {9D1AD1D5-8488-463E-876A-A969CC4316E1}
		{301C5584-B436-4853-9176-B53858CAF913} = {F2CBECA9-C1D3-4380-BD67-D8B8B724FD05}
		{C9666EEC-ABE2-4C21-97F9-DB34C0C9EDAB} = {F2CBECA9-C1D3-4380-BD67-D8B8B724FD05}
		{CFDD31D0-97A7-4EB4-95FE-7E0899979D83} = {F2CBECA9-C1D3-4380-BD67-D8B8B724FD05}
		{5B590924-14FD-4014-AEFC-42EB642E35BB} = {F2CBECA9-C1D3-4380-BD67-D8B8B724FD05}
	EndGlobalSection
	GlobalSection(ExtensibilityGlobals) = postSolution
		SolutionGuid = {FF8676FE-200E-4EE8-B228-4806BC4D026B}
	EndGlobalSection
EndGlobal
